
Microsoft Visual Studio Solution File, Format Version 12.00
# Visual Studio Version 16
VisualStudioVersion = 16.0.30717.126
MinimumVisualStudioVersion = 10.0.40219.1
Project("{FAE04EC0-301F-11D3-BF4B-00C04F79EFBC}") = "Journal", "Journal\Journal.csproj", "{792FD0BE-7121-4E6D-AC2A-0AC36C26266D}"
EndProject
Global
	GlobalSection(SolutionConfigurationPlatforms) = preSolution
		Debug|Any CPU = Debug|Any CPU
		Release|Any CPU = Release|Any CPU
	EndGlobalSection
	GlobalSection(ProjectConfigurationPlatforms) = postSolution
		{792FD0BE-7121-4E6D-AC2A-0AC36C26266D}.Debug|Any CPU.ActiveCfg = Debug|Any CPU
		{792FD0BE-7121-4E6D-AC2A-0AC36C26266D}.Debug|Any CPU.Build.0 = Debug|Any CPU
		{792FD0BE-7121-4E6D-AC2A-0AC36C26266D}.Release|Any CPU.ActiveCfg = Release|Any CPU
		{792FD0BE-7121-4E6D-AC2A-0AC36C26266D}.Release|Any CPU.Build.0 = Release|Any CPU
	EndGlobalSection
	GlobalSection(SolutionProperties) = preSolution
		HideSolutionNode = FALSE
	EndGlobalSection
	GlobalSection(ExtensibilityGlobals) = postSolution
		SolutionGuid = {DC061C4E-B393-4229-8E8A-1B93DEAD7FF6}
	EndGlobalSection
EndGlobal
